{
  "name": "json-render-table",
  "version": "1.5.1",
  "lockfileVersion": 3,
  "requires": true,
  "packages": {
    "": {
      "name": "json-render-table",
      "version": "1.5.1",
      "dependencies": {
        "@keshavsoft/json-to-tag": "^1.4.2",
        "json-traversal": "^1.19.1"
      }
    },
    "node_modules/@keshavsoft/json-to-tag": {
      "version": "1.4.3",
      "resolved": "https://registry.npmjs.org/@keshavsoft/json-to-tag/-/json-to-tag-1.4.3.tgz",
      "integrity": "sha512-STRTcbUbnW6+2dpQdDGhwds/+dudj5zxD5pRWKbUvKcBKT86bFzQATLXylFwp405JyacG87xS3cE+LmDNV1CUg==",
      "license": "ISC",
      "bin": {
        "json-to-tag": "bin/cli.js"
      }
    },
    "node_modules/json-traversal": {
      "version": "1.19.1",
      "resolved": "https://registry.npmjs.org/json-traversal/-/json-traversal-1.19.1.tgz",
      "integrity": "sha512-I0kJhLKvHsVOimAHki5xZYySw969f5npdz9iF65fqdr4++8BSz9iPAfcpjay7Kv4qmxy9vB6EGe73uQpjXg1gg==",
      "license": "ISC"
    }
  }
}
